
Microsoft Visual Studio Solution File, Format Version 12.00
# Visual Studio Version 17
VisualStudioVersion = 17.7.34031.279
MinimumVisualStudioVersion = 10.0.40219.1
Project("{8BC9CEB8-8B4A-11D0-8D11-00A0C91BC942}") = "bitField", "bitField.vcxproj", "{F0CCCBEC-D446-4287-96BB-C05DC195848F}"
EndProject
Global
	GlobalSection(SolutionConfigurationPlatforms) = preSolution
		Debug|x64 = Debug|x64
		Debug|x86 = Debug|x86
		Release|x64 = Release|x64
		Release|x86 = Release|x86
	EndGlobalSection
	GlobalSection(ProjectConfigurationPlatforms) = postSolution
		{F0CCCBEC-D446-4287-96BB-C05DC195848F}.Debug|x64.ActiveCfg = Debug|x64
		{F0CCCBEC-D446-4287-96BB-C05DC195848F}.Debug|x64.Build.0 = Debug|x64
		{F0CCCBEC-D446-4287-96BB-C05DC195848F}.Debug|x86.ActiveCfg = Debug|Win32
		{F0CCCBEC-D446-4287-96BB-C05DC195848F}.Debug|x86.Build.0 = Debug|Win32
		{F0CCCBEC-D446-4287-96BB-C05DC195848F}.Release|x64.ActiveCfg = Release|x64
		{F0CCCBEC-D446-4287-96BB-C05DC195848F}.Release|x64.Build.0 = Release|x64
		{F0CCCBEC-D446-4287-96BB-C05DC195848F}.Release|x86.ActiveCfg = Release|Win32
		{F0CCCBEC-D446-4287-96BB-C05DC195848F}.Release|x86.Build.0 = Release|Win32
	EndGlobalSection
	GlobalSection(SolutionProperties) = preSolution
		HideSolutionNode = FALSE
	EndGlobalSection
	GlobalSection(ExtensibilityGlobals) = postSolution
		SolutionGuid = {263DF146-D82A-4B47-A2A0-3DD63C4B99C7}
	EndGlobalSection
EndGlobal
